
Microsoft Visual Studio Solution File, Format Version 12.00
# Visual Studio Version 17
VisualStudioVersion = 17.5.33414.496
MinimumVisualStudioVersion = 10.0.40219.1
Project("{FAE04EC0-301F-11D3-BF4B-00C04F79EFBC}") = "If_else", "If_else\If_else.csproj", "{F2FEC274-9639-412F-AC41-464CAF27A33E}"
EndProject
Project("{FAE04EC0-301F-11D3-BF4B-00C04F79EFBC}") = "if_else_1", "if_else_1\if_else_1.csproj", "{21098B2A-6DE0-4367-8520-D705DA92A874}"
EndProject
Project("{FAE04EC0-301F-11D3-BF4B-00C04F79EFBC}") = "if_else_2", "if_else_2\if_else_2.csproj", "{C1B7F1A2-5302-4D85-ACAF-BAB18ABC6415}"
EndProject
Global
	GlobalSection(SolutionConfigurationPlatforms) = preSolution
		Debug|Any CPU = Debug|Any CPU
		Release|Any CPU = Release|Any CPU
	EndGlobalSection
	GlobalSection(ProjectConfigurationPlatforms) = postSolution
		{F2FEC274-9639-412F-AC41-464CAF27A33E}.Debug|Any CPU.ActiveCfg = Debug|Any CPU
		{F2FEC274-9639-412F-AC41-464CAF27A33E}.Debug|Any CPU.Build.0 = Debug|Any CPU
		{F2FEC274-9639-412F-AC41-464CAF27A33E}.Release|Any CPU.ActiveCfg = Release|Any CPU
		{F2FEC274-9639-412F-AC41-464CAF27A33E}.Release|Any CPU.Build.0 = Release|Any CPU
		{21098B2A-6DE0-4367-8520-D705DA92A874}.Debug|Any CPU.ActiveCfg = Debug|Any CPU
		{21098B2A-6DE0-4367-8520-D705DA92A874}.Debug|Any CPU.Build.0 = Debug|Any CPU
		{21098B2A-6DE0-4367-8520-D705DA92A874}.Release|Any CPU.ActiveCfg = Release|Any CPU
		{21098B2A-6DE0-4367-8520-D705DA92A874}.Release|Any CPU.Build.0 = Release|Any CPU
		{C1B7F1A2-5302-4D85-ACAF-BAB18ABC6415}.Debug|Any CPU.ActiveCfg = Debug|Any CPU
		{C1B7F1A2-5302-4D85-ACAF-BAB18ABC6415}.Debug|Any CPU.Build.0 = Debug|Any CPU
		{C1B7F1A2-5302-4D85-ACAF-BAB18ABC6415}.Release|Any CPU.ActiveCfg = Release|Any CPU
		{C1B7F1A2-5302-4D85-ACAF-BAB18ABC6415}.Release|Any CPU.Build.0 = Release|Any CPU
	EndGlobalSection
	GlobalSection(SolutionProperties) = preSolution
		HideSolutionNode = FALSE
	EndGlobalSection
	GlobalSection(ExtensibilityGlobals) = postSolution
		SolutionGuid = {6DB9611D-0065-48F3-9A0E-D04291A72CB8}
	EndGlobalSection
EndGlobal
